
Microsoft Visual Studio Solution File, Format Version 12.00
# Visual Studio Version 17
VisualStudioVersion = 17.2.32602.215
MinimumVisualStudioVersion = 10.0.40219.1
Project("{FAE04EC0-301F-11D3-BF4B-00C04F79EFBC}") = "ConsoleApp6", "ConsoleApp6\ConsoleApp6.csproj", "{180D87BC-9F59-4D42-9119-4BDBB12B3428}"
EndProject
Global
	GlobalSection(SolutionConfigurationPlatforms) = preSolution
		Debug|Any CPU = Debug|Any CPU
		Release|Any CPU = Release|Any CPU
	EndGlobalSection
	GlobalSection(ProjectConfigurationPlatforms) = postSolution
		{180D87BC-9F59-4D42-9119-4BDBB12B3428}.Debug|Any CPU.ActiveCfg = Debug|Any CPU
		{180D87BC-9F59-4D42-9119-4BDBB12B3428}.Debug|Any CPU.Build.0 = Debug|Any CPU
		{180D87BC-9F59-4D42-9119-4BDBB12B3428}.Release|Any CPU.ActiveCfg = Release|Any CPU
		{180D87BC-9F59-4D42-9119-4BDBB12B3428}.Release|Any CPU.Build.0 = Release|Any CPU
	EndGlobalSection
	GlobalSection(SolutionProperties) = preSolution
		HideSolutionNode = FALSE
	EndGlobalSection
	GlobalSection(ExtensibilityGlobals) = postSolution
		SolutionGuid = {DA50EE53-ABA7-4AC7-B47F-27834BB6F190}
	EndGlobalSection
EndGlobal
